{
  "nodes": {
    "betapkgs": {
      "locked": {
        "lastModified": 1685620773,
        "narHash": "sha256-iQ+LmporQNdLz8uMJdP62TaAWeLUwl43/MYUBtWqulM=",
        "owner": "NixOS",
        "repo": "nixpkgs",
        "rev": "f0ba8235153dd2e25cf06cbf70d43efdd4443592",
        "type": "github"
      },
      "original": {
        "id": "nixpkgs",
        "ref": "nixos-23.05",
        "type": "indirect"
      }
    },
    "nixpkgs": {
      "locked": {
        "lastModified": 1685650716,
        "narHash": "sha256-sDd7QIcMbIb37nuqMrJElvuyE5eVgWuKGtIPP8IWwCc=",
        "owner": "NixOS",
        "repo": "nixpkgs",
        "rev": "f7c1500e2eefa58f3c80dd046cba256e10440201",
        "type": "github"
      },
      "original": {
        "id": "nixpkgs",
        "ref": "nixos-22.11",
        "type": "indirect"
      }
    },
    "root": {
      "inputs": {
        "betapkgs": "betapkgs",
        "nixpkgs": "nixpkgs"
      }
    }
  },
  "root": "root",
  "version": 7
}
